// !$*UTF8*$!
{
	archiveVersion = 1;
	classes = {
	};
	objectVersion = 55;
	objects = {

/* Begin PBXBuildFile section */
		A50EBF712833AD43007F245A /* ColorizedApp_SwiftUIApp.swift in Sources */ = {isa = PBXBuildFile; fileRef = A50EBF702833AD43007F245A /* ColorizedApp_SwiftUIApp.swift */; };
		A50EBF732833AD43007F245A /* ContentView.swift in Sources */ = {isa = PBXBuildFile; fileRef = A50EBF722833AD43007F245A /* ContentView.swift */; };
		A50EBF752833AD45007F245A /* Assets.xcassets in Resources */ = {isa = PBXBuildFile; fileRef = A50EBF742833AD45007F245A /* Assets.xcassets */; };
		A50EBF782833AD45007F245A /* Preview Assets.xcassets in Resources */ = {isa = PBXBuildFile; fileRef = A50EBF772833AD45007F245A /* Preview Assets.xcassets */; };
		A50EBF812833B5FE007F245A /* ColorSliderView.swift in Sources */ = {isa = PBXBuildFile; fileRef = A50EBF802833B5FE007F245A /* ColorSliderView.swift */; };
		A50EBF872833D2B6007F245A /* SliderLabel.swift in Sources */ = {isa = PBXBuildFile; fileRef = A50EBF862833D2B6007F245A /* SliderLabel.swift */; };
		A50EBF892833D2CC007F245A /* SliderTextField.swift in Sources */ = {isa = PBXBuildFile; fileRef = A50EBF882833D2CC007F245A /* SliderTextField.swift */; };
		A50EBF8B2833D537007F245A /* ColorView.swift in Sources */ = {isa = PBXBuildFile; fileRef = A50EBF8A2833D537007F245A /* ColorView.swift */; };
/* End PBXBuildFile section */

/* Begin PBXFileReference section */
		A50EBF6D2833AD43007F245A /* ColorizedApp_SwiftUI.app */ = {isa = PBXFileReference; explicitFileType = wrapper.application; includeInIndex = 0; path = ColorizedApp_SwiftUI.app; sourceTree = BUILT_PRODUCTS_DIR; };
		A50EBF702833AD43007F245A /* ColorizedApp_SwiftUIApp.swift */ = {isa = PBXFileReference; lastKnownFileType = sourcecode.swift; path = ColorizedApp_SwiftUIApp.swift; sourceTree = "<group>"; };
		A50EBF722833AD43007F245A /* ContentView.swift */ = {isa = PBXFileReference; lastKnownFileType = sourcecode.swift; path = ContentView.swift; sourceTree = "<group>"; };
		A50EBF742833AD45007F245A /* Assets.xcassets */ = {isa = PBXFileReference; lastKnownFileType = folder.assetcatalog; path = Assets.xcassets; sourceTree = "<group>"; };
		A50EBF772833AD45007F245A /* Preview Assets.xcassets */ = {isa = PBXFileReference; lastKnownFileType = folder.assetcatalog; path = "Preview Assets.xcassets"; sourceTree = "<group>"; };
		A50EBF802833B5FE007F245A /* ColorSliderView.swift */ = {isa = PBXFileReference; lastKnownFileType = sourcecode.swift; path = ColorSliderView.swift; sourceTree = "<group>"; };
		A50EBF862833D2B6007F245A /* SliderLabel.swift */ = {isa = PBXFileReference; lastKnownFileType = sourcecode.swift; path = SliderLabel.swift; sourceTree = "<group>"; };
		A50EBF882833D2CC007F245A /* SliderTextField.swift */ = {isa = PBXFileReference; lastKnownFileType = sourcecode.swift; path = SliderTextField.swift; sourceTree = "<group>"; };
		A50EBF8A2833D537007F245A /* ColorView.swift */ = {isa = PBXFileReference; lastKnownFileType = sourcecode.swift; path = ColorView.swift; sourceTree = "<group>"; };
/* End PBXFileReference section */

/* Begin PBXFrameworksBuildPhase section */
		A50EBF6A2833AD43007F245A /* Frameworks */ = {
			isa = PBXFrameworksBuildPhase;
			buildActionMask = 2147483647;
			files = (
			);
			runOnlyForDeploymentPostprocessing = 0;
		};
/* End PBXFrameworksBuildPhase section */

/* Begin PBXGroup section */
		A50EBF642833AD43007F245A = {
			isa = PBXGroup;
			children = (
				A50EBF6F2833AD43007F245A /* ColorizedApp_SwiftUI */,
				A50EBF6E2833AD43007F245A /* Products */,
			);
			sourceTree = "<group>";
		};
		A50EBF6E2833AD43007F245A /* Products */ = {
			isa = PBXGroup;
			children = (
				A50EBF6D2833AD43007F245A /* ColorizedApp_SwiftUI.app */,
			);
			name = Products;
			sourceTree = "<group>";
		};
		A50EBF6F2833AD43007F245A /* ColorizedApp_SwiftUI */ = {
			isa = PBXGroup;
			children = (
				A50EBF702833AD43007F245A /* ColorizedApp_SwiftUIApp.swift */,
				A50EBF722833AD43007F245A /* ContentView.swift */,
				A50EBF8A2833D537007F245A /* ColorView.swift */,
				A50EBF802833B5FE007F245A /* ColorSliderView.swift */,
				A50EBF862833D2B6007F245A /* SliderLabel.swift */,
				A50EBF882833D2CC007F245A /* SliderTextField.swift */,
				A50EBF742833AD45007F245A /* Assets.xcassets */,
				A50EBF762833AD45007F245A /* Preview Content */,
			);
			path = ColorizedApp_SwiftUI;
			sourceTree = "<group>";
		};
		A50EBF762833AD45007F245A /* Preview Content */ = {
			isa = PBXGroup;
			children = (
				A50EBF772833AD45007F245A /* Preview Assets.xcassets */,
			);
			path = "Preview Content";
			sourceTree = "<group>";
		};
/* End PBXGroup section */

/* Begin PBXNativeTarget section */
		A50EBF6C2833AD43007F245A /* ColorizedApp_SwiftUI */ = {
			isa = PBXNativeTarget;
			buildConfigurationList = A50EBF7B2833AD45007F245A /* Build configuration list for PBXNativeTarget "ColorizedApp_SwiftUI" */;
			buildPhases = (
				A50EBF692833AD43007F245A /* Sources */,
				A50EBF6A2833AD43007F245A /* Frameworks */,
				A50EBF6B2833AD43007F245A /* Resources */,
			);
			buildRules = (
			);
			dependencies = (
			);
			name = ColorizedApp_SwiftUI;
			productName = ColorizedApp_SwiftUI;
			productReference = A50EBF6D2833AD43007F245A /* ColorizedApp_SwiftUI.app */;
			productType = "com.apple.product-type.application";
		};
/* End PBXNativeTarget section */

/* Begin PBXProject section */
		A50EBF652833AD43007F245A /* Project object */ = {
			isa = PBXProject;
			attributes = {
				BuildIndependentTargetsInParallel = 1;
				LastSwiftUpdateCheck = 1330;
				LastUpgradeCheck = 1330;
				TargetAttributes = {
					A50EBF6C2833AD43007F245A = {
						CreatedOnToolsVersion = 13.3.1;
					};
				};
			};
			buildConfigurationList = A50EBF682833AD43007F245A /* Build configuration list for PBXProject "ColorizedApp_SwiftUI" */;
			compatibilityVersion = "Xcode 13.0";
			developmentRegion = en;
			hasScannedForEncodings = 0;
			knownRegions = (
				en,
				Base,
			);
			mainGroup = A50EBF642833AD43007F245A;
			productRefGroup = A50EBF6E2833AD43007F245A /* Products */;
			projectDirPath = "";
			projectRoot = "";
			targets = (
				A50EBF6C2833AD43007F245A /* ColorizedApp_SwiftUI */,
			);
		};
/* End PBXProject section */

/* Begin PBXResourcesBuildPhase section */
		A50EBF6B2833AD43007F245A /* Resources */ = {
			isa = PBXResourcesBuildPhase;
			buildActionMask = 2147483647;
			files = (
				A50EBF782833AD45007F245A /* Preview Assets.xcassets in Resources */,
				A50EBF752833AD45007F245A /* Assets.xcassets in Resources */,
			);
			runOnlyForDeploymentPostprocessing = 0;
		};
/* End PBXResourcesBuildPhase section */

/* Begin PBXSourcesBuildPhase section */
		A50EBF692833AD43007F245A /* Sources */ = {
			isa = PBXSourcesBuildPhase;
			buildActionMask = 2147483647;
			files = (
				A50EBF8B2833D537007F245A /* ColorView.swift in Sources */,
				A50EBF892833D2CC007F245A /* SliderTextField.swift in Sources */,
				A50EBF872833D2B6007F245A /* SliderLabel.swift in Sources */,
				A50EBF812833B5FE007F245A /* ColorSliderView.swift in Sources */,
				A50EBF732833AD43007F245A /* ContentView.swift in Sources */,
				A50EBF712833AD43007F245A /* ColorizedApp_SwiftUIApp.swift in Sources */,
			);
			runOnlyForDeploymentPostprocessing = 0;
		};
/* End PBXSourcesBuildPhase section */

/* Begin XCBuildConfiguration section */
		A50EBF792833AD45007F245A /* Debug */ = {
			isa = XCBuildConfiguration;
			buildSettings = {
				ALWAYS_SEARCH_USER_PATHS = NO;
				CLANG_ANALYZER_NONNULL = YES;
				CLANG_ANALYZER_NUMBER_OBJECT_CONVERSION = YES_AGGRESSIVE;
				CLANG_CXX_LANGUAGE_STANDARD = "gnu++17";
				CLANG_ENABLE_MODULES = YES;
				CLANG_ENABLE_OBJC_ARC = YES;
				CLANG_ENABLE_OBJC_WEAK = YES;
				CLANG_WARN_BLOCK_CAPTURE_AUTORELEASING = YES;
				CLANG_WARN_BOOL_CONVERSION = YES;
				CLANG_WARN_COMMA = YES;
				CLANG_WARN_CONSTANT_CONVERSION = YES;
				CLANG_WARN_DEPRECATED_OBJC_IMPLEMENTATIONS = YES;
				CLANG_WARN_DIRECT_OBJC_ISA_USAGE = YES_ERROR;
				CLANG_WARN_DOCUMENTATION_COMMENTS = YES;
				CLANG_WARN_EMPTY_BODY = YES;
				CLANG_WARN_ENUM_CONVERSION = YES;
				CLANG_WARN_INFINITE_RECURSION = YES;
				CLANG_WARN_INT_CONVERSION = YES;
				CLANG_WARN_NON_LITERAL_NULL_CONVERSION = YES;
				CLANG_WARN_OBJC_IMPLICIT_RETAIN_SELF = YES;
				CLANG_WARN_OBJC_LITERAL_CONVERSION = YES;
				CLANG_WARN_OBJC_ROOT_CLASS = YES_ERROR;
				CLANG_WARN_QUOTED_INCLUDE_IN_FRAMEWORK_HEADER = YES;
				CLANG_WARN_RANGE_LOOP_ANALYSIS = YES;
				CLANG_WARN_STRICT_PROTOTYPES = YES;
				CLANG_WARN_SUSPICIOUS_MOVE = YES;
				CLANG_WARN_UNGUARDED_AVAILABILITY = YES_AGGRESSIVE;
				CLANG_WARN_UNREACHABLE_CODE = YES;
				CLANG_WARN__DUPLICATE_METHOD_MATCH = YES;
				COPY_PHASE_STRIP = NO;
				DEBUG_INFORMATION_FORMAT = dwarf;
				ENABLE_STRICT_OBJC_MSGSEND = YES;
				ENABLE_TESTABILITY = YES;
				GCC_C_LANGUAGE_STANDARD = gnu11;
				GCC_DYNAMIC_NO_PIC = NO;
				GCC_NO_COMMON_BLOCKS = YES;
				GCC_OPTIMIZATION_LEVEL = 0;
				GCC_PREPROCESSOR_DEFINITIONS = (
					"DEBUG=1",
					"$(inherited)",
				);
				GCC_WARN_64_TO_32_BIT_CONVERSION = YES;
				GCC_WARN_ABOUT_RETURN_TYPE = YES_ERROR;
				GCC_WARN_UNDECLARED_SELECTOR = YES;
				GCC_WARN_UNINITIALIZED_AUTOS = YES_AGGRESSIVE;
				GCC_WARN_UNUSED_FUNCTION = YES;
				GCC_WARN_UNUSED_VARIABLE = YES;
				IPHONEOS_DEPLOYMENT_TARGET = 15.4;
				MTL_ENABLE_DEBUG_INFO = INCLUDE_SOURCE;
				MTL_FAST_MATH = YES;
				ONLY_ACTIVE_ARCH = YES;
				SDKROOT = iphoneos;
				SWIFT_ACTIVE_COMPILATION_CONDITIONS = DEBUG;
				SWIFT_OPTIMIZATION_LEVEL = "-Onone";
			};
			name = Debug;
		};
		A50EBF7A2833AD45007F245A /* Release */ = {
			isa = XCBuildConfiguration;
			buildSettings = {
				ALWAYS_SEARCH_USER_PATHS = NO;
				CLANG_ANALYZER_NONNULL = YES;
				CLANG_ANALYZER_NUMBER_OBJECT_CONVERSION = YES_AGGRESSIVE;
				CLANG_CXX_LANGUAGE_STANDARD = "gnu++17";
				CLANG_ENABLE_MODULES = YES;
				CLANG_ENABLE_OBJC_ARC = YES;
				CLANG_ENABLE_OBJC_WEAK = YES;
				CLANG_WARN_BLOCK_CAPTURE_AUTORELEASING = YES;
				CLANG_WARN_BOOL_CONVERSION = YES;
				CLANG_WARN_COMMA = YES;
				CLANG_WARN_CONSTANT_CONVERSION = YES;
				CLANG_WARN_DEPRECATED_OBJC_IMPLEMENTATIONS = YES;
				CLANG_WARN_DIRECT_OBJC_ISA_USAGE = YES_ERROR;
				CLANG_WARN_DOCUMENTATION_COMMENTS = YES;
				CLANG_WARN_EMPTY_BODY = YES;
				CLANG_WARN_ENUM_CONVERSION = YES;
				CLANG_WARN_INFINITE_RECURSION = YES;
				CLANG_WARN_INT_CONVERSION = YES;
				CLANG_WARN_NON_LITERAL_NULL_CONVERSION = YES;
				CLANG_WARN_OBJC_IMPLICIT_RETAIN_SELF = YES;
				CLANG_WARN_OBJC_LITERAL_CONVERSION = YES;
				CLANG_WARN_OBJC_ROOT_CLASS = YES_ERROR;
				CLANG_WARN_QUOTED_INCLUDE_IN_FRAMEWORK_HEADER = YES;
				CLANG_WARN_RANGE_LOOP_ANALYSIS = YES;
				CLANG_WARN_STRICT_PROTOTYPES = YES;
				CLANG_WARN_SUSPICIOUS_MOVE = YES;
				CLANG_WARN_UNGUARDED_AVAILABILITY = YES_AGGRESSIVE;
				CLANG_WARN_UNREACHABLE_CODE = YES;
				CLANG_WARN__DUPLICATE_METHOD_MATCH = YES;
				COPY_PHASE_STRIP = NO;
				DEBUG_INFORMATION_FORMAT = "dwarf-with-dsym";
				ENABLE_NS_ASSERTIONS = NO;
				ENABLE_STRICT_OBJC_MSGSEND = YES;
				GCC_C_LANGUAGE_STANDARD = gnu11;
				GCC_NO_COMMON_BLOCKS = YES;
				GCC_WARN_64_TO_32_BIT_CONVERSION = YES;
				GCC_WARN_ABOUT_RETURN_TYPE = YES_ERROR;
				GCC_WARN_UNDECLARED_SELECTOR = YES;
				GCC_WARN_UNINITIALIZED_AUTOS = YES_AGGRESSIVE;
				GCC_WARN_UNUSED_FUNCTION = YES;
				GCC_WARN_UNUSED_VARIABLE = YES;
				IPHONEOS_DEPLOYMENT_TARGET = 15.4;
				MTL_ENABLE_DEBUG_INFO = NO;
				MTL_FAST_MATH = YES;
				SDKROOT = iphoneos;
				SWIFT_COMPILATION_MODE = wholemodule;
				SWIFT_OPTIMIZATION_LEVEL = "-O";
				VALIDATE_PRODUCT = YES;
			};
			name = Release;
		};
		A50EBF7C2833AD45007F245A /* Debug */ = {
			isa = XCBuildConfiguration;
			buildSettings = {
				ASSETCATALOG_COMPILER_APPICON_NAME = AppIcon;
				ASSETCATALOG_COMPILER_GLOBAL_ACCENT_COLOR_NAME = AccentColor;
				CODE_SIGN_STYLE = Automatic;
				CURRENT_PROJECT_VERSION = 1;
				DEVELOPMENT_ASSET_PATHS = "\"ColorizedApp_SwiftUI/Preview Content\"";
				DEVELOPMENT_TEAM = L7M6FD6244;
				ENABLE_PREVIEWS = YES;
				GENERATE_INFOPLIST_FILE = YES;
				INFOPLIST_KEY_UIApplicationSceneManifest_Generation = YES;
				INFOPLIST_KEY_UIApplicationSupportsIndirectInputEvents = YES;
				INFOPLIST_KEY_UILaunchScreen_Generation = YES;
				INFOPLIST_KEY_UISupportedInterfaceOrientations_iPad = "UIInterfaceOrientationPortrait UIInterfaceOrientationPortraitUpsideDown UIInterfaceOrientationLandscapeLeft UIInterfaceOrientationLandscapeRight";
				INFOPLIST_KEY_UISupportedInterfaceOrientations_iPhone = "UIInterfaceOrientationPortrait UIInterfaceOrientationLandscapeLeft UIInterfaceOrientationLandscapeRight";
				LD_RUNPATH_SEARCH_PATHS = (
					"$(inherited)",
					"@executable_path/Frameworks",
				);
				MARKETING_VERSION = 1.0;
				PRODUCT_BUNDLE_IDENTIFIER = "com.Auhustsinovich.ColorizedApp-SwiftUI";
				PRODUCT_NAME = "$(TARGET_NAME)";
				SWIFT_EMIT_LOC_STRINGS = YES;
				SWIFT_VERSION = 5.0;
				TARGETED_DEVICE_FAMILY = "1,2";
			};
			name = Debug;
		};
		A50EBF7D2833AD45007F245A /* Release */ = {
			isa = XCBuildConfiguration;
			buildSettings = {
				ASSETCATALOG_COMPILER_APPICON_NAME = AppIcon;
				ASSETCATALOG_COMPILER_GLOBAL_ACCENT_COLOR_NAME = AccentColor;
				CODE_SIGN_STYLE = Automatic;
				CURRENT_PROJECT_VERSION = 1;
				DEVELOPMENT_ASSET_PATHS = "\"ColorizedApp_SwiftUI/Preview Content\"";
				DEVELOPMENT_TEAM = L7M6FD6244;
				ENABLE_PREVIEWS = YES;
				GENERATE_INFOPLIST_FILE = YES;
				INFOPLIST_KEY_UIApplicationSceneManifest_Generation = YES;
				INFOPLIST_KEY_UIApplicationSupportsIndirectInputEvents = YES;
				INFOPLIST_KEY_UILaunchScreen_Generation = YES;
				INFOPLIST_KEY_UISupportedInterfaceOrientations_iPad = "UIInterfaceOrientationPortrait UIInterfaceOrientationPortraitUpsideDown UIInterfaceOrientationLandscapeLeft UIInterfaceOrientationLandscapeRight";
				INFOPLIST_KEY_UISupportedInterfaceOrientations_iPhone = "UIInterfaceOrientationPortrait UIInterfaceOrientationLandscapeLeft UIInterfaceOrientationLandscapeRight";
				LD_RUNPATH_SEARCH_PATHS = (
					"$(inherited)",
					"@executable_path/Frameworks",
				);
				MARKETING_VERSION = 1.0;
				PRODUCT_BUNDLE_IDENTIFIER = "com.Auhustsinovich.ColorizedApp-SwiftUI";
				PRODUCT_NAME = "$(TARGET_NAME)";
				SWIFT_EMIT_LOC_STRINGS = YES;
				SWIFT_VERSION = 5.0;
				TARGETED_DEVICE_FAMILY = "1,2";
			};
			name = Release;
		};
/* End XCBuildConfiguration section */

/* Begin XCConfigurationList section */
		A50EBF682833AD43007F245A /* Build configuration list for PBXProject "ColorizedApp_SwiftUI" */ = {
			isa = XCConfigurationList;
			buildConfigurations = (
				A50EBF792833AD45007F245A /* Debug */,
				A50EBF7A2833AD45007F245A /* Release */,
			);
			defaultConfigurationIsVisible = 0;
			defaultConfigurationName = Release;
		};
		A50EBF7B2833AD45007F245A /* Build configuration list for PBXNativeTarget "ColorizedApp_SwiftUI" */ = {
			isa = XCConfigurationList;
			buildConfigurations = (
				A50EBF7C2833AD45007F245A /* Debug */,
				A50EBF7D2833AD45007F245A /* Release */,
			);
			defaultConfigurationIsVisible = 0;
			defaultConfigurationName = Release;
		};
/* End XCConfigurationList section */
	};
	rootObject = A50EBF652833AD43007F245A /* Project object */;
}
